
Microsoft Visual Studio Solution File, Format Version 12.00
# Visual Studio 15
VisualStudioVersion = 15.0.28307.421
MinimumVisualStudioVersion = 10.0.40219.1
Project("{FAE04EC0-301F-11D3-BF4B-00C04F79EFBC}") = "LoginForms", "LoginForms\LoginForms.csproj", "{BCF3631E-C66D-43A6-89A6-D7078876A989}"
EndProject
Global
	GlobalSection(SolutionConfigurationPlatforms) = preSolution
		Debug|Any CPU = Debug|Any CPU
		Release|Any CPU = Release|Any CPU
	EndGlobalSection
	GlobalSection(ProjectConfigurationPlatforms) = postSolution
		{BCF3631E-C66D-43A6-89A6-D7078876A989}.Debug|Any CPU.ActiveCfg = Debug|Any CPU
		{BCF3631E-C66D-43A6-89A6-D7078876A989}.Debug|Any CPU.Build.0 = Debug|Any CPU
		{BCF3631E-C66D-43A6-89A6-D7078876A989}.Release|Any CPU.ActiveCfg = Release|Any CPU
		{BCF3631E-C66D-43A6-89A6-D7078876A989}.Release|Any CPU.Build.0 = Release|Any CPU
	EndGlobalSection
	GlobalSection(SolutionProperties) = preSolution
		HideSolutionNode = FALSE
	EndGlobalSection
	GlobalSection(ExtensibilityGlobals) = postSolution
		SolutionGuid = {75F5619C-F3A9-45A7-9174-518647DECC7A}
	EndGlobalSection
EndGlobal
