
Microsoft Visual Studio Solution File, Format Version 12.00
# Visual Studio 15
VisualStudioVersion = 15.0.28307.539
MinimumVisualStudioVersion = 10.0.40219.1
Project("{FAE04EC0-301F-11D3-BF4B-00C04F79EFBC}") = "TesteoUnitario", "TesteoUnitario\TesteoUnitario.csproj", "{705390BF-91AD-4C37-9764-9583881148EB}"
EndProject
Project("{FAE04EC0-301F-11D3-BF4B-00C04F79EFBC}") = "UnitTestProject1", "UnitTestProject1\UnitTestProject1.csproj", "{3122088D-A7F8-4D9B-93E4-F056CE61D746}"
EndProject
Global
	GlobalSection(SolutionConfigurationPlatforms) = preSolution
		Debug|Any CPU = Debug|Any CPU
		Release|Any CPU = Release|Any CPU
	EndGlobalSection
	GlobalSection(ProjectConfigurationPlatforms) = postSolution
		{705390BF-91AD-4C37-9764-9583881148EB}.Debug|Any CPU.ActiveCfg = Debug|Any CPU
		{705390BF-91AD-4C37-9764-9583881148EB}.Debug|Any CPU.Build.0 = Debug|Any CPU
		{705390BF-91AD-4C37-9764-9583881148EB}.Release|Any CPU.ActiveCfg = Release|Any CPU
		{705390BF-91AD-4C37-9764-9583881148EB}.Release|Any CPU.Build.0 = Release|Any CPU
		{3122088D-A7F8-4D9B-93E4-F056CE61D746}.Debug|Any CPU.ActiveCfg = Debug|Any CPU
		{3122088D-A7F8-4D9B-93E4-F056CE61D746}.Debug|Any CPU.Build.0 = Debug|Any CPU
		{3122088D-A7F8-4D9B-93E4-F056CE61D746}.Release|Any CPU.ActiveCfg = Release|Any CPU
		{3122088D-A7F8-4D9B-93E4-F056CE61D746}.Release|Any CPU.Build.0 = Release|Any CPU
	EndGlobalSection
	GlobalSection(SolutionProperties) = preSolution
		HideSolutionNode = FALSE
	EndGlobalSection
	GlobalSection(ExtensibilityGlobals) = postSolution
		SolutionGuid = {283027A0-F93D-48C3-A873-A5195AFF70A2}
	EndGlobalSection
EndGlobal
