
Microsoft Visual Studio Solution File, Format Version 12.00
# Visual Studio 15
VisualStudioVersion = 15.0.28307.539
MinimumVisualStudioVersion = 10.0.40219.1
Project("{FAE04EC0-301F-11D3-BF4B-00C04F79EFBC}") = "EjemploCrudoWeb", "EjemploCrudoWeb\EjemploCrudoWeb.csproj", "{A3DBB947-3BF3-4E56-B849-934FA997D56A}"
EndProject
Global
	GlobalSection(SolutionConfigurationPlatforms) = preSolution
		Debug|Any CPU = Debug|Any CPU
		Release|Any CPU = Release|Any CPU
	EndGlobalSection
	GlobalSection(ProjectConfigurationPlatforms) = postSolution
		{A3DBB947-3BF3-4E56-B849-934FA997D56A}.Debug|Any CPU.ActiveCfg = Debug|Any CPU
		{A3DBB947-3BF3-4E56-B849-934FA997D56A}.Debug|Any CPU.Build.0 = Debug|Any CPU
		{A3DBB947-3BF3-4E56-B849-934FA997D56A}.Release|Any CPU.ActiveCfg = Release|Any CPU
		{A3DBB947-3BF3-4E56-B849-934FA997D56A}.Release|Any CPU.Build.0 = Release|Any CPU
	EndGlobalSection
	GlobalSection(SolutionProperties) = preSolution
		HideSolutionNode = FALSE
	EndGlobalSection
	GlobalSection(ExtensibilityGlobals) = postSolution
		SolutionGuid = {5E08C55B-C323-420F-BF89-06D68E7F1754}
	EndGlobalSection
EndGlobal
